<?xml version="1.0" encoding="utf-8"?>
<Project ToolsVersion="4.0" xmlns="http://schemas.microsoft.com/developer/msbuild/2003">
  <ItemGroup>
    <Filter Include="Source Files">
      <UniqueIdentifier>{4FC737F1-C7A5-4376-A066-2A32D752A2FF}</UniqueIdentifier>
      <Extensions>cpp;c;cc;cxx;c++;def;odl;idl;hpj;bat;asm;asmx</Extensions>
    </Filter>
    <Filter Include="Header Files">
      <UniqueIdentifier>{93995380-89BD-4b04-88EB-625FBE52EBFB}</UniqueIdentifier>
      <Extensions>h;hh;hpp;hxx;h++;hm;inl;inc;ipp;xsd</Extensions>
    </Filter>
    <Filter Include="Resource Files">
      <UniqueIdentifier>{67DA6AB6-F800-4c08-8B7A-83BB121AAD01}</UniqueIdentifier>
      <Extensions>rc;ico;cur;bmp;dlg;rc2;rct;bin;rgs;gif;jpg;jpeg;jpe;resx;tiff;tif;png;wav;mfcribbon-ms</Extensions>
    </Filter>
  </ItemGroup>
  <ItemGroup>
    <ClInclude Include="framework.h">
      <Filter>Header Files</Filter>
    </ClInclude>
    <ClInclude Include="pch.h">
      <Filter>Header Files</Filter>
    </ClInclude>
    <ClInclude Include="..\jsonld-cpp-core\Context.h">
      <Filter>Header Files</Filter>
    </ClInclude>
    <ClInclude Include="..\jsonld-cpp-core\DocumentLoader.h">
      <Filter>Header Files</Filter>
    </ClInclude>
    <ClInclude Include="..\jsonld-cpp-core\DoubleFormatter.h">
      <Filter>Header Files</Filter>
    </ClInclude>
    <ClInclude Include="..\jsonld-cpp-core\IriUtils.h">
      <Filter>Header Files</Filter>
    </ClInclude>
    <ClInclude Include="..\jsonld-cpp-core\JsonLdApi.h">
      <Filter>Header Files</Filter>
    </ClInclude>
    <ClInclude Include="..\jsonld-cpp-core\JsonLdConsts.h">
      <Filter>Header Files</Filter>
    </ClInclude>
    <ClInclude Include="..\jsonld-cpp-core\JsonLdError.h">
      <Filter>Header Files</Filter>
    </ClInclude>
    <ClInclude Include="..\jsonld-cpp-core\JsonLdOptions.h">
      <Filter>Header Files</Filter>
    </ClInclude>
    <ClInclude Include="..\jsonld-cpp-core\JsonLdProcessor.h">
      <Filter>Header Files</Filter>
    </ClInclude>
    <ClInclude Include="..\jsonld-cpp-core\JsonLdUrl.h">
      <Filter>Header Files</Filter>
    </ClInclude>
    <ClInclude Include="..\jsonld-cpp-core\JsonLdUtils.h">
      <Filter>Header Files</Filter>
    </ClInclude>
    <ClInclude Include="..\jsonld-cpp-core\NormalizeUtils.h">
      <Filter>Header Files</Filter>
    </ClInclude>
    <ClInclude Include="..\jsonld-cpp-core\ObjUtils.h">
      <Filter>Header Files</Filter>
    </ClInclude>
    <ClInclude Include="..\jsonld-cpp-core\Permutator.h">
      <Filter>Header Files</Filter>
    </ClInclude>
    <ClInclude Include="..\jsonld-cpp-core\RDFDataset.h">
      <Filter>Header Files</Filter>
    </ClInclude>
    <ClInclude Include="..\jsonld-cpp-core\RDFDatasetUtils.h">
      <Filter>Header Files</Filter>
    </ClInclude>
    <ClInclude Include="..\jsonld-cpp-core\RemoteDocument.h">
      <Filter>Header Files</Filter>
    </ClInclude>
    <ClInclude Include="..\jsonld-cpp-core\sha1.h">
      <Filter>Header Files</Filter>
    </ClInclude>
    <ClInclude Include="..\jsonld-cpp-core\UniqueNamer.h">
      <Filter>Header Files</Filter>
    </ClInclude>
    <ClInclude Include="..\jsonld-cpp-core\network\curl\impl\CurlHelper.h">
      <Filter>Header Files</Filter>
    </ClInclude>
    <ClInclude Include="..\jsonld-cpp-core\network\curl\impl\CurlHttpRequest.h">
      <Filter>Header Files</Filter>
    </ClInclude>
    <ClInclude Include="..\jsonld-cpp-core\network\curl\IHttpRequest.h">
      <Filter>Header Files</Filter>
    </ClInclude>
  </ItemGroup>
  <ItemGroup>
    <ClCompile Include="pch.cpp">
      <Filter>Source Files</Filter>
    </ClCompile>
    <ClCompile Include="..\jsonld-cpp-core\Context.cpp">
      <Filter>Source Files</Filter>
    </ClCompile>
    <ClCompile Include="..\jsonld-cpp-core\DocumentLoader.cpp">
      <Filter>Source Files</Filter>
    </ClCompile>
    <ClCompile Include="..\jsonld-cpp-core\DoubleFormatter.cpp">
      <Filter>Source Files</Filter>
    </ClCompile>
    <ClCompile Include="..\jsonld-cpp-core\IriUtils.cpp">
      <Filter>Source Files</Filter>
    </ClCompile>
    <ClCompile Include="..\jsonld-cpp-core\JsonLdApi.cpp">
      <Filter>Source Files</Filter>
    </ClCompile>
    <ClCompile Include="..\jsonld-cpp-core\JsonLdError.cpp">
      <Filter>Source Files</Filter>
    </ClCompile>
    <ClCompile Include="..\jsonld-cpp-core\JsonLdOptions.cpp">
      <Filter>Source Files</Filter>
    </ClCompile>
    <ClCompile Include="..\jsonld-cpp-core\JsonLdProcessor.cpp">
      <Filter>Source Files</Filter>
    </ClCompile>
    <ClCompile Include="..\jsonld-cpp-core\JsonLdUrl.cpp">
      <Filter>Source Files</Filter>
    </ClCompile>
    <ClCompile Include="..\jsonld-cpp-core\JsonLdUtils.cpp">
      <Filter>Source Files</Filter>
    </ClCompile>
    <ClCompile Include="..\jsonld-cpp-core\NormalizeUtils.cpp">
      <Filter>Source Files</Filter>
    </ClCompile>
    <ClCompile Include="..\jsonld-cpp-core\ObjUtils.cpp">
      <Filter>Source Files</Filter>
    </ClCompile>
    <ClCompile Include="..\jsonld-cpp-core\Permutator.cpp">
      <Filter>Source Files</Filter>
    </ClCompile>
    <ClCompile Include="..\jsonld-cpp-core\RDFDataset.cpp">
      <Filter>Source Files</Filter>
    </ClCompile>
    <ClCompile Include="..\jsonld-cpp-core\RDFDatasetUtils.cpp">
      <Filter>Source Files</Filter>
    </ClCompile>
    <ClCompile Include="..\jsonld-cpp-core\RemoteDocument.cpp">
      <Filter>Source Files</Filter>
    </ClCompile>
    <ClCompile Include="..\jsonld-cpp-core\sha1.cpp">
      <Filter>Source Files</Filter>
    </ClCompile>
    <ClCompile Include="..\jsonld-cpp-core\UniqueNamer.cpp">
      <Filter>Source Files</Filter>
    </ClCompile>
    <ClCompile Include="..\jsonld-cpp-core\network\curl\impl\CurlHttpRequest.cpp">
      <Filter>Source Files</Filter>
    </ClCompile>
  </ItemGroup>
</Project>